
Microsoft Visual Studio Solution File, Format Version 12.00
# Visual Studio 2013
VisualStudioVersion = 12.0.30723.0
MinimumVisualStudioVersion = 10.0.40219.1
Project("{FAE04EC0-301F-11D3-BF4B-00C04F79EFBC}") = "MicAndNotes", "MicAndNotes\MicAndNotes.csproj", "{C6610A69-57EA-459C-A342-21AB2D850A2F}"
EndProject
Global
	GlobalSection(SolutionConfigurationPlatforms) = preSolution
		Debug|Any CPU = Debug|Any CPU
		Release|Any CPU = Release|Any CPU
	EndGlobalSection
	GlobalSection(ProjectConfigurationPlatforms) = postSolution
		{C6610A69-57EA-459C-A342-21AB2D850A2F}.Debug|Any CPU.ActiveCfg = Debug|Any CPU
		{C6610A69-57EA-459C-A342-21AB2D850A2F}.Debug|Any CPU.Build.0 = Debug|Any CPU
		{C6610A69-57EA-459C-A342-21AB2D850A2F}.Release|Any CPU.ActiveCfg = Release|Any CPU
		{C6610A69-57EA-459C-A342-21AB2D850A2F}.Release|Any CPU.Build.0 = Release|Any CPU
	EndGlobalSection
	GlobalSection(SolutionProperties) = preSolution
		HideSolutionNode = FALSE
	EndGlobalSection
EndGlobal
